
Microsoft Visual Studio Solution File, Format Version 12.00
# Visual Studio Version 17
VisualStudioVersion = 17.5.33627.172
MinimumVisualStudioVersion = 10.0.40219.1
Project("{9A19103F-16F7-4668-BE54-9A1E7A4F7556}") = "01Delegate", "01Delegate\01Delegate.csproj", "{801CA5B8-56D2-4106-B42A-32657F0DDF02}"
EndProject
Project("{9A19103F-16F7-4668-BE54-9A1E7A4F7556}") = "02DelegateMulticast", "02DelegateMulticast\02DelegateMulticast.csproj", "{C1E5722B-888A-465B-AF41-01317B3BFE92}"
EndProject
Project("{9A19103F-16F7-4668-BE54-9A1E7A4F7556}") = "03MetodosAnonimos", "03MetodosAnonimos\03MetodosAnonimos.csproj", "{5BA79B37-B44F-4CE7-BC78-608911E0C9E3}"
EndProject
Project("{9A19103F-16F7-4668-BE54-9A1E7A4F7556}") = "04ExpressaoLambda", "04ExpressaoLambda\04ExpressaoLambda.csproj", "{626E4791-D88F-45D0-A219-294BD49297EE}"
EndProject
Project("{9A19103F-16F7-4668-BE54-9A1E7A4F7556}") = "05DelegatePredicate", "05DelegatePredicate\05DelegatePredicate.csproj", "{296A50AD-DDA4-42AE-8958-2C3A013D5F97}"
EndProject
Project("{9A19103F-16F7-4668-BE54-9A1E7A4F7556}") = "06DelegateAction", "06DelegateAction\06DelegateAction.csproj", "{204931BE-D2BF-49C6-9575-33F7C7AFA666}"
EndProject
Project("{9A19103F-16F7-4668-BE54-9A1E7A4F7556}") = "07DelegateFunc", "07DelegateFunc\07DelegateFunc.csproj", "{ED0EE731-1AA2-4576-85B2-A43E61A0E583}"
EndProject
Project("{2150E333-8FDC-42A3-9474-1A3956D46DE8}") = "Exercicios", "Exercicios", "{FC6419B8-2D47-4CD6-A29E-9726D98DCA54}"
EndProject
Project("{9A19103F-16F7-4668-BE54-9A1E7A4F7556}") = "Exercicio01", "Exercicio01\Exercicio01.csproj", "{D5DD33CF-5A75-4D17-990F-75D361E188E8}"
EndProject
Project("{9A19103F-16F7-4668-BE54-9A1E7A4F7556}") = "08Eventos", "08Eventos\08Eventos.csproj", "{E5A547C9-9F3A-4A88-98AF-A98AD48A45F8}"
EndProject
Project("{9A19103F-16F7-4668-BE54-9A1E7A4F7556}") = "09EventHandler", "09EventHandler\09EventHandler.csproj", "{A0BBA973-CEDD-44D2-A19A-C422E0501EE8}"
EndProject
Project("{9A19103F-16F7-4668-BE54-9A1E7A4F7556}") = "10EventHandlerComTipoDeDados", "10EventHandlerComTipoDeDados\10EventHandlerComTipoDeDados.csproj", "{0A7B8D77-D53E-439B-8EBE-BD2864B8034C}"
EndProject
Project("{9A19103F-16F7-4668-BE54-9A1E7A4F7556}") = "11MetodosExtensao", "11MetodosExtensao\11MetodosExtensao.csproj", "{B8079BBF-946B-4E6C-BB32-D4B665272989}"
EndProject
Project("{9A19103F-16F7-4668-BE54-9A1E7A4F7556}") = "12LINQ1", "12Linq1\12LINQ1.csproj", "{EE3AE738-0222-4F77-9035-3714B77428CA}"
EndProject
Project("{9A19103F-16F7-4668-BE54-9A1E7A4F7556}") = "13LINQConsultas1", "13LINQConsultas1\13LINQConsultas1.csproj", "{80CD91FC-1517-423B-9155-DFB11BFEBD9E}"
EndProject
Project("{9A19103F-16F7-4668-BE54-9A1E7A4F7556}") = "14LINQConsultas2", "14LINQConsultas2\14LINQConsultas2.csproj", "{3AAE8AFF-1F1C-4362-9941-B528D398065E}"
EndProject
Project("{9A19103F-16F7-4668-BE54-9A1E7A4F7556}") = "15LINQConsultas3", "15LINQConsultas3\15LINQConsultas3.csproj", "{61AFA675-A0BF-4A08-8738-C65898F20012}"
EndProject
Project("{9A19103F-16F7-4668-BE54-9A1E7A4F7556}") = "Exercicio02", "Exercicio02\Exercicio02.csproj", "{ED0D6972-E5CA-4010-A689-F8F306B9B6D9}"
EndProject
Project("{9A19103F-16F7-4668-BE54-9A1E7A4F7556}") = "Exercicio03", "Exercicio03\Exercicio03.csproj", "{0A00FA6B-B743-4A0D-8066-B3B86309DB34}"
EndProject
Project("{9A19103F-16F7-4668-BE54-9A1E7A4F7556}") = "Exercicio04", "Exercicio04\Exercicio04.csproj", "{1DFF8352-C16D-4B8D-9EA9-37816036EBD2}"
EndProject
Project("{9A19103F-16F7-4668-BE54-9A1E7A4F7556}") = "Exercicio05", "Exercicio05\Exercicio05.csproj", "{53187FA9-22EE-4CDC-AD78-F88ADCB877C4}"
EndProject
Project("{FAE04EC0-301F-11D3-BF4B-00C04F79EFBC}") = "Exercicio06", "Exercicio06\Exercicio06.csproj", "{AC4B8274-E0F3-4C58-8806-7101AE64E501}"
EndProject
Project("{FAE04EC0-301F-11D3-BF4B-00C04F79EFBC}") = "Exercicio07", "Exercicio07\Exercicio07.csproj", "{B7F192A1-BD44-4BF8-B72E-61038C60E6E7}"
EndProject
Project("{FAE04EC0-301F-11D3-BF4B-00C04F79EFBC}") = "Exercicio08", "Exercicio08\Exercicio08.csproj", "{C56263AC-3549-4E33-AB7C-D762DCB04368}"
EndProject
Global
	GlobalSection(SolutionConfigurationPlatforms) = preSolution
		Debug|Any CPU = Debug|Any CPU
		Release|Any CPU = Release|Any CPU
	EndGlobalSection
	GlobalSection(ProjectConfigurationPlatforms) = postSolution
		{801CA5B8-56D2-4106-B42A-32657F0DDF02}.Debug|Any CPU.ActiveCfg = Debug|Any CPU
		{801CA5B8-56D2-4106-B42A-32657F0DDF02}.Debug|Any CPU.Build.0 = Debug|Any CPU
		{801CA5B8-56D2-4106-B42A-32657F0DDF02}.Release|Any CPU.ActiveCfg = Release|Any CPU
		{801CA5B8-56D2-4106-B42A-32657F0DDF02}.Release|Any CPU.Build.0 = Release|Any CPU
		{C1E5722B-888A-465B-AF41-01317B3BFE92}.Debug|Any CPU.ActiveCfg = Debug|Any CPU
		{C1E5722B-888A-465B-AF41-01317B3BFE92}.Debug|Any CPU.Build.0 = Debug|Any CPU
		{C1E5722B-888A-465B-AF41-01317B3BFE92}.Release|Any CPU.ActiveCfg = Release|Any CPU
		{C1E5722B-888A-465B-AF41-01317B3BFE92}.Release|Any CPU.Build.0 = Release|Any CPU
		{5BA79B37-B44F-4CE7-BC78-608911E0C9E3}.Debug|Any CPU.ActiveCfg = Debug|Any CPU
		{5BA79B37-B44F-4CE7-BC78-608911E0C9E3}.Debug|Any CPU.Build.0 = Debug|Any CPU
		{5BA79B37-B44F-4CE7-BC78-608911E0C9E3}.Release|Any CPU.ActiveCfg = Release|Any CPU
		{5BA79B37-B44F-4CE7-BC78-608911E0C9E3}.Release|Any CPU.Build.0 = Release|Any CPU
		{626E4791-D88F-45D0-A219-294BD49297EE}.Debug|Any CPU.ActiveCfg = Debug|Any CPU
		{626E4791-D88F-45D0-A219-294BD49297EE}.Debug|Any CPU.Build.0 = Debug|Any CPU
		{626E4791-D88F-45D0-A219-294BD49297EE}.Release|Any CPU.ActiveCfg = Release|Any CPU
		{626E4791-D88F-45D0-A219-294BD49297EE}.Release|Any CPU.Build.0 = Release|Any CPU
		{296A50AD-DDA4-42AE-8958-2C3A013D5F97}.Debug|Any CPU.ActiveCfg = Debug|Any CPU
		{296A50AD-DDA4-42AE-8958-2C3A013D5F97}.Debug|Any CPU.Build.0 = Debug|Any CPU
		{296A50AD-DDA4-42AE-8958-2C3A013D5F97}.Release|Any CPU.ActiveCfg = Release|Any CPU
		{296A50AD-DDA4-42AE-8958-2C3A013D5F97}.Release|Any CPU.Build.0 = Release|Any CPU
		{204931BE-D2BF-49C6-9575-33F7C7AFA666}.Debug|Any CPU.ActiveCfg = Debug|Any CPU
		{204931BE-D2BF-49C6-9575-33F7C7AFA666}.Debug|Any CPU.Build.0 = Debug|Any CPU
		{204931BE-D2BF-49C6-9575-33F7C7AFA666}.Release|Any CPU.ActiveCfg = Release|Any CPU
		{204931BE-D2BF-49C6-9575-33F7C7AFA666}.Release|Any CPU.Build.0 = Release|Any CPU
		{ED0EE731-1AA2-4576-85B2-A43E61A0E583}.Debug|Any CPU.ActiveCfg = Debug|Any CPU
		{ED0EE731-1AA2-4576-85B2-A43E61A0E583}.Debug|Any CPU.Build.0 = Debug|Any CPU
		{ED0EE731-1AA2-4576-85B2-A43E61A0E583}.Release|Any CPU.ActiveCfg = Release|Any CPU
		{ED0EE731-1AA2-4576-85B2-A43E61A0E583}.Release|Any CPU.Build.0 = Release|Any CPU
		{D5DD33CF-5A75-4D17-990F-75D361E188E8}.Debug|Any CPU.ActiveCfg = Debug|Any CPU
		{D5DD33CF-5A75-4D17-990F-75D361E188E8}.Debug|Any CPU.Build.0 = Debug|Any CPU
		{D5DD33CF-5A75-4D17-990F-75D361E188E8}.Release|Any CPU.ActiveCfg = Release|Any CPU
		{D5DD33CF-5A75-4D17-990F-75D361E188E8}.Release|Any CPU.Build.0 = Release|Any CPU
		{E5A547C9-9F3A-4A88-98AF-A98AD48A45F8}.Debug|Any CPU.ActiveCfg = Debug|Any CPU
		{E5A547C9-9F3A-4A88-98AF-A98AD48A45F8}.Debug|Any CPU.Build.0 = Debug|Any CPU
		{E5A547C9-9F3A-4A88-98AF-A98AD48A45F8}.Release|Any CPU.ActiveCfg = Release|Any CPU
		{E5A547C9-9F3A-4A88-98AF-A98AD48A45F8}.Release|Any CPU.Build.0 = Release|Any CPU
		{A0BBA973-CEDD-44D2-A19A-C422E0501EE8}.Debug|Any CPU.ActiveCfg = Debug|Any CPU
		{A0BBA973-CEDD-44D2-A19A-C422E0501EE8}.Debug|Any CPU.Build.0 = Debug|Any CPU
		{A0BBA973-CEDD-44D2-A19A-C422E0501EE8}.Release|Any CPU.ActiveCfg = Release|Any CPU
		{A0BBA973-CEDD-44D2-A19A-C422E0501EE8}.Release|Any CPU.Build.0 = Release|Any CPU
		{0A7B8D77-D53E-439B-8EBE-BD2864B8034C}.Debug|Any CPU.ActiveCfg = Debug|Any CPU
		{0A7B8D77-D53E-439B-8EBE-BD2864B8034C}.Debug|Any CPU.Build.0 = Debug|Any CPU
		{0A7B8D77-D53E-439B-8EBE-BD2864B8034C}.Release|Any CPU.ActiveCfg = Release|Any CPU
		{0A7B8D77-D53E-439B-8EBE-BD2864B8034C}.Release|Any CPU.Build.0 = Release|Any CPU
		{B8079BBF-946B-4E6C-BB32-D4B665272989}.Debug|Any CPU.ActiveCfg = Debug|Any CPU
		{B8079BBF-946B-4E6C-BB32-D4B665272989}.Debug|Any CPU.Build.0 = Debug|Any CPU
		{B8079BBF-946B-4E6C-BB32-D4B665272989}.Release|Any CPU.ActiveCfg = Release|Any CPU
		{B8079BBF-946B-4E6C-BB32-D4B665272989}.Release|Any CPU.Build.0 = Release|Any CPU
		{EE3AE738-0222-4F77-9035-3714B77428CA}.Debug|Any CPU.ActiveCfg = Debug|Any CPU
		{EE3AE738-0222-4F77-9035-3714B77428CA}.Debug|Any CPU.Build.0 = Debug|Any CPU
		{EE3AE738-0222-4F77-9035-3714B77428CA}.Release|Any CPU.ActiveCfg = Release|Any CPU
		{EE3AE738-0222-4F77-9035-3714B77428CA}.Release|Any CPU.Build.0 = Release|Any CPU
		{80CD91FC-1517-423B-9155-DFB11BFEBD9E}.Debug|Any CPU.ActiveCfg = Debug|Any CPU
		{80CD91FC-1517-423B-9155-DFB11BFEBD9E}.Debug|Any CPU.Build.0 = Debug|Any CPU
		{80CD91FC-1517-423B-9155-DFB11BFEBD9E}.Release|Any CPU.ActiveCfg = Release|Any CPU
		{80CD91FC-1517-423B-9155-DFB11BFEBD9E}.Release|Any CPU.Build.0 = Release|Any CPU
		{3AAE8AFF-1F1C-4362-9941-B528D398065E}.Debug|Any CPU.ActiveCfg = Debug|Any CPU
		{3AAE8AFF-1F1C-4362-9941-B528D398065E}.Debug|Any CPU.Build.0 = Debug|Any CPU
		{3AAE8AFF-1F1C-4362-9941-B528D398065E}.Release|Any CPU.ActiveCfg = Release|Any CPU
		{3AAE8AFF-1F1C-4362-9941-B528D398065E}.Release|Any CPU.Build.0 = Release|Any CPU
		{61AFA675-A0BF-4A08-8738-C65898F20012}.Debug|Any CPU.ActiveCfg = Debug|Any CPU
		{61AFA675-A0BF-4A08-8738-C65898F20012}.Debug|Any CPU.Build.0 = Debug|Any CPU
		{61AFA675-A0BF-4A08-8738-C65898F20012}.Release|Any CPU.ActiveCfg = Release|Any CPU
		{61AFA675-A0BF-4A08-8738-C65898F20012}.Release|Any CPU.Build.0 = Release|Any CPU
		{ED0D6972-E5CA-4010-A689-F8F306B9B6D9}.Debug|Any CPU.ActiveCfg = Debug|Any CPU
		{ED0D6972-E5CA-4010-A689-F8F306B9B6D9}.Debug|Any CPU.Build.0 = Debug|Any CPU
		{ED0D6972-E5CA-4010-A689-F8F306B9B6D9}.Release|Any CPU.ActiveCfg = Release|Any CPU
		{ED0D6972-E5CA-4010-A689-F8F306B9B6D9}.Release|Any CPU.Build.0 = Release|Any CPU
		{0A00FA6B-B743-4A0D-8066-B3B86309DB34}.Debug|Any CPU.ActiveCfg = Debug|Any CPU
		{0A00FA6B-B743-4A0D-8066-B3B86309DB34}.Debug|Any CPU.Build.0 = Debug|Any CPU
		{0A00FA6B-B743-4A0D-8066-B3B86309DB34}.Release|Any CPU.ActiveCfg = Release|Any CPU
		{0A00FA6B-B743-4A0D-8066-B3B86309DB34}.Release|Any CPU.Build.0 = Release|Any CPU
		{1DFF8352-C16D-4B8D-9EA9-37816036EBD2}.Debug|Any CPU.ActiveCfg = Debug|Any CPU
		{1DFF8352-C16D-4B8D-9EA9-37816036EBD2}.Debug|Any CPU.Build.0 = Debug|Any CPU
		{1DFF8352-C16D-4B8D-9EA9-37816036EBD2}.Release|Any CPU.ActiveCfg = Release|Any CPU
		{1DFF8352-C16D-4B8D-9EA9-37816036EBD2}.Release|Any CPU.Build.0 = Release|Any CPU
		{53187FA9-22EE-4CDC-AD78-F88ADCB877C4}.Debug|Any CPU.ActiveCfg = Debug|Any CPU
		{53187FA9-22EE-4CDC-AD78-F88ADCB877C4}.Debug|Any CPU.Build.0 = Debug|Any CPU
		{53187FA9-22EE-4CDC-AD78-F88ADCB877C4}.Release|Any CPU.ActiveCfg = Release|Any CPU
		{53187FA9-22EE-4CDC-AD78-F88ADCB877C4}.Release|Any CPU.Build.0 = Release|Any CPU
		{AC4B8274-E0F3-4C58-8806-7101AE64E501}.Debug|Any CPU.ActiveCfg = Debug|Any CPU
		{AC4B8274-E0F3-4C58-8806-7101AE64E501}.Debug|Any CPU.Build.0 = Debug|Any CPU
		{AC4B8274-E0F3-4C58-8806-7101AE64E501}.Release|Any CPU.ActiveCfg = Release|Any CPU
		{AC4B8274-E0F3-4C58-8806-7101AE64E501}.Release|Any CPU.Build.0 = Release|Any CPU
		{B7F192A1-BD44-4BF8-B72E-61038C60E6E7}.Debug|Any CPU.ActiveCfg = Debug|Any CPU
		{B7F192A1-BD44-4BF8-B72E-61038C60E6E7}.Debug|Any CPU.Build.0 = Debug|Any CPU
		{B7F192A1-BD44-4BF8-B72E-61038C60E6E7}.Release|Any CPU.ActiveCfg = Release|Any CPU
		{B7F192A1-BD44-4BF8-B72E-61038C60E6E7}.Release|Any CPU.Build.0 = Release|Any CPU
		{C56263AC-3549-4E33-AB7C-D762DCB04368}.Debug|Any CPU.ActiveCfg = Debug|Any CPU
		{C56263AC-3549-4E33-AB7C-D762DCB04368}.Debug|Any CPU.Build.0 = Debug|Any CPU
		{C56263AC-3549-4E33-AB7C-D762DCB04368}.Release|Any CPU.ActiveCfg = Release|Any CPU
		{C56263AC-3549-4E33-AB7C-D762DCB04368}.Release|Any CPU.Build.0 = Release|Any CPU
	EndGlobalSection
	GlobalSection(SolutionProperties) = preSolution
		HideSolutionNode = FALSE
	EndGlobalSection
	GlobalSection(NestedProjects) = preSolution
		{D5DD33CF-5A75-4D17-990F-75D361E188E8} = {FC6419B8-2D47-4CD6-A29E-9726D98DCA54}
		{ED0D6972-E5CA-4010-A689-F8F306B9B6D9} = {FC6419B8-2D47-4CD6-A29E-9726D98DCA54}
		{0A00FA6B-B743-4A0D-8066-B3B86309DB34} = {FC6419B8-2D47-4CD6-A29E-9726D98DCA54}
		{1DFF8352-C16D-4B8D-9EA9-37816036EBD2} = {FC6419B8-2D47-4CD6-A29E-9726D98DCA54}
		{53187FA9-22EE-4CDC-AD78-F88ADCB877C4} = {FC6419B8-2D47-4CD6-A29E-9726D98DCA54}
		{AC4B8274-E0F3-4C58-8806-7101AE64E501} = {FC6419B8-2D47-4CD6-A29E-9726D98DCA54}
		{B7F192A1-BD44-4BF8-B72E-61038C60E6E7} = {FC6419B8-2D47-4CD6-A29E-9726D98DCA54}
		{C56263AC-3549-4E33-AB7C-D762DCB04368} = {FC6419B8-2D47-4CD6-A29E-9726D98DCA54}
	EndGlobalSection
	GlobalSection(ExtensibilityGlobals) = postSolution
		SolutionGuid = {056E439C-B611-4EDC-B1BA-31F67CE9C2F2}
	EndGlobalSection
EndGlobal
